{
  "name": "idb-ts-example",
  "version": "1.0.0",
  "lockfileVersion": 3,
  "requires": true,
  "packages": {
    "": {
      "name": "idb-ts-example",
      "version": "1.0.0",
      "license": "MIT",
      "dependencies": {
        "idb-ts": "^2.0.1"
      },
      "devDependencies": {
        "@types/node": "^22.13.8",
        "typescript": "5.1"
      }
    },
    "node_modules/@types/node": {
      "version": "22.13.8",
      "resolved": "https://registry.npmjs.org/@types/node/-/node-22.13.8.tgz",
      "integrity": "sha512-G3EfaZS+iOGYWLLRCEAXdWK9my08oHNZ+FHluRiggIYJPOXzhOiDgpVCUHaUvyIC5/fj7C/p637jdzC666AOKQ==",
      "dev": true,
      "license": "MIT",
      "dependencies": {
        "undici-types": "~6.20.0"
      }
    },
    "node_modules/idb-ts": {
      "version": "2.0.1",
      "resolved": "https://registry.npmjs.org/idb-ts/-/idb-ts-2.0.1.tgz",
      "integrity": "sha512-ztGgVcs/V7Uzzg1bx3SueWUoQ2eJf8p9vF19iMVSJCA/yXURY86B7U9d6+jXU7EFgBPCGtXGqq40PqzR6xB9bg==",
      "license": "MIT"
    },
    "node_modules/typescript": {
      "version": "5.1.6",
      "resolved": "https://registry.npmjs.org/typescript/-/typescript-5.1.6.tgz",
      "integrity": "sha512-zaWCozRZ6DLEWAWFrVDz1H6FVXzUSfTy5FUMWsQlU8Ym5JP9eO4xkTIROFCQvhQf61z6O/G6ugw3SgAnvvm+HA==",
      "dev": true,
      "license": "Apache-2.0",
      "bin": {
        "tsc": "bin/tsc",
        "tsserver": "bin/tsserver"
      },
      "engines": {
        "node": ">=14.17"
      }
    },
    "node_modules/undici-types": {
      "version": "6.20.0",
      "resolved": "https://registry.npmjs.org/undici-types/-/undici-types-6.20.0.tgz",
      "integrity": "sha512-Ny6QZ2Nju20vw1SRHe3d9jVu6gJ+4e3+MMpqu7pqE5HT6WsTSlce++GQmK5UXS8mzV8DSYHrQH+Xrf2jVcuKNg==",
      "dev": true,
      "license": "MIT"
    }
  }
}
